
Microsoft Visual Studio Solution File, Format Version 12.00
# Visual Studio 15
VisualStudioVersion = 15.0.27130.2036
MinimumVisualStudioVersion = 10.0.40219.1
Project("{9A19103F-16F7-4668-BE54-9A1E7A4F7556}") = "Web", "Web\Web.csproj", "{6FF82E0F-8B55-41BD-B40D-BBEC3DC37A91}"
EndProject
Project("{9A19103F-16F7-4668-BE54-9A1E7A4F7556}") = "DIContainer", "DIContainer\DIContainer.csproj", "{236F2C8B-85C6-4726-A37E-72CE3A877B8F}"
EndProject
Project("{FAE04EC0-301F-11D3-BF4B-00C04F79EFBC}") = "DAL", "DAL\DAL.csproj", "{FEA7FC50-36D8-448D-8CD4-2D859A9CD564}"
EndProject
Project("{FAE04EC0-301F-11D3-BF4B-00C04F79EFBC}") = "Arcomage", "Arcomage\Arcomage.csproj", "{8EA7B1C6-53F2-468D-9E29-B83A548BCB97}"
EndProject
Global
	GlobalSection(SolutionConfigurationPlatforms) = preSolution
		Debug|Any CPU = Debug|Any CPU
		Release|Any CPU = Release|Any CPU
	EndGlobalSection
	GlobalSection(ProjectConfigurationPlatforms) = postSolution
		{6FF82E0F-8B55-41BD-B40D-BBEC3DC37A91}.Debug|Any CPU.ActiveCfg = Debug|Any CPU
		{6FF82E0F-8B55-41BD-B40D-BBEC3DC37A91}.Debug|Any CPU.Build.0 = Debug|Any CPU
		{6FF82E0F-8B55-41BD-B40D-BBEC3DC37A91}.Release|Any CPU.ActiveCfg = Release|Any CPU
		{6FF82E0F-8B55-41BD-B40D-BBEC3DC37A91}.Release|Any CPU.Build.0 = Release|Any CPU
		{236F2C8B-85C6-4726-A37E-72CE3A877B8F}.Debug|Any CPU.ActiveCfg = Debug|Any CPU
		{236F2C8B-85C6-4726-A37E-72CE3A877B8F}.Debug|Any CPU.Build.0 = Debug|Any CPU
		{236F2C8B-85C6-4726-A37E-72CE3A877B8F}.Release|Any CPU.ActiveCfg = Release|Any CPU
		{236F2C8B-85C6-4726-A37E-72CE3A877B8F}.Release|Any CPU.Build.0 = Release|Any CPU
		{FEA7FC50-36D8-448D-8CD4-2D859A9CD564}.Debug|Any CPU.ActiveCfg = Debug|Any CPU
		{FEA7FC50-36D8-448D-8CD4-2D859A9CD564}.Debug|Any CPU.Build.0 = Debug|Any CPU
		{FEA7FC50-36D8-448D-8CD4-2D859A9CD564}.Release|Any CPU.ActiveCfg = Release|Any CPU
		{FEA7FC50-36D8-448D-8CD4-2D859A9CD564}.Release|Any CPU.Build.0 = Release|Any CPU
		{8EA7B1C6-53F2-468D-9E29-B83A548BCB97}.Debug|Any CPU.ActiveCfg = Debug|Any CPU
		{8EA7B1C6-53F2-468D-9E29-B83A548BCB97}.Debug|Any CPU.Build.0 = Debug|Any CPU
		{8EA7B1C6-53F2-468D-9E29-B83A548BCB97}.Release|Any CPU.ActiveCfg = Release|Any CPU
		{8EA7B1C6-53F2-468D-9E29-B83A548BCB97}.Release|Any CPU.Build.0 = Release|Any CPU
	EndGlobalSection
	GlobalSection(SolutionProperties) = preSolution
		HideSolutionNode = FALSE
	EndGlobalSection
	GlobalSection(ExtensibilityGlobals) = postSolution
		SolutionGuid = {62E42F98-B371-45B3-AEDB-74DA280A3B39}
	EndGlobalSection
EndGlobal
